lockVersion: 2.0.0
id: 1ffde88e-487a-4384-8143-e6e280c05531
management:
  docChecksum: af06384e525f01026fc7dc59efb1b4ca
  docVersion: "2022-09-01"
  speakeasyVersion: 1.207.1
  generationVersion: 2.280.6
  releaseVersion: 2.2.1
  configChecksum: 6395ca936c1312203b1c0634f5b9b5d5
  repoURL: https://github.com/speakeasy-sdks/typescript-sdk.git
  repoSubDirectory: .
  installationURL: https://github.com/speakeasy-sdks/typescript-sdk
features:
  typescript:
    callbacks: 1.0.0
    core: 3.4.8
    globalServerURLs: 2.82.2
generatedFiles:
  - src/sdk/orders.ts
  - src/sdk/sdk.ts
  - .eslintrc.yml
  - jest.config.js
  - package-lock.json
  - package.json
  - src/index.ts
  - src/internal/utils/contenttype.ts
  - src/internal/utils/headers.ts
  - src/internal/utils/index.ts
  - src/internal/utils/pathparams.ts
  - src/internal/utils/queryparams.ts
  - src/internal/utils/requestbody.ts
  - src/internal/utils/retries.ts
  - src/internal/utils/security.ts
  - src/internal/utils/utils.ts
  - src/sdk/index.ts
  - src/sdk/models/errors/sdkerror.ts
  - src/sdk/types/index.ts
  - src/sdk/types/rfcdate.ts
  - tsconfig.json
  - src/sdk/models/operations/createorder.ts
  - src/sdk/models/operations/orderpay.ts
  - src/sdk/models/shared/ratelimiterror.ts
  - src/sdk/models/shared/ordersentity.ts
  - src/sdk/models/shared/settlementurlobject.ts
  - src/sdk/models/shared/refundurlobject.ts
  - src/sdk/models/shared/paymenturlobject.ts
  - src/sdk/models/shared/ordermeta.ts
  - src/sdk/models/shared/customerdetails.ts
  - src/sdk/models/shared/errorresponse.ts
  - src/sdk/models/shared/authenticationerror.ts
  - src/sdk/models/shared/apierror.ts
  - src/sdk/models/shared/createorderbackendrequest.ts
  - src/sdk/models/shared/terminaldetails.ts
  - src/sdk/models/shared/vendorsplit.ts
  - src/sdk/models/shared/paymentsuccesswebhook.ts
  - src/sdk/models/shared/whdata.ts
  - src/sdk/models/shared/whpayment.ts
  - src/sdk/models/shared/whpaymentmethod.ts
  - src/sdk/models/shared/whcard.ts
  - src/sdk/models/shared/whorder.ts
  - src/sdk/models/shared/whcustomerdetails.ts
  - src/sdk/models/shared/orderpayresponse.ts
  - src/sdk/models/shared/orderpaydata.ts
  - src/sdk/models/shared/orderpayrequest.ts
  - src/sdk/models/callbacks/createorder.ts
  - src/sdk/models/errors/index.ts
  - src/sdk/models/operations/index.ts
  - src/sdk/models/shared/index.ts
  - src/sdk/models/callbacks/index.ts
  - docs/sdk/models/operations/createorderrequest.md
  - docs/sdk/models/operations/createorderresponse.md
  - docs/sdk/models/operations/orderpayrequest.md
  - docs/sdk/models/operations/orderpayresponse.md
  - docs/sdk/models/shared/ratelimiterrortype.md
  - docs/sdk/models/shared/ratelimiterror.md
  - docs/sdk/models/shared/ordersentity.md
  - docs/sdk/models/shared/settlementurlobject.md
  - docs/sdk/models/shared/refundurlobject.md
  - docs/sdk/models/shared/paymenturlobject.md
  - docs/sdk/models/shared/ordermeta.md
  - docs/sdk/models/shared/customerdetails.md
  - docs/sdk/models/shared/errorresponsetype.md
  - docs/sdk/models/shared/errorresponse.md
  - docs/sdk/models/shared/authenticationerrortype.md
  - docs/sdk/models/shared/authenticationerror.md
  - docs/sdk/models/shared/typet.md
  - docs/sdk/models/shared/apierror.md
  - docs/sdk/models/shared/createorderbackendrequest.md
  - docs/sdk/models/shared/terminaldetails.md
  - docs/sdk/models/shared/vendorsplit.md
  - docs/sdk/models/shared/paymentsuccesswebhook.md
  - docs/sdk/models/shared/whdata.md
  - docs/sdk/models/shared/whpayment.md
  - docs/sdk/models/shared/whpaymentmethod.md
  - docs/sdk/models/shared/whcard.md
  - docs/sdk/models/shared/whorder.md
  - docs/sdk/models/shared/whcustomerdetails.md
  - docs/sdk/models/shared/action.md
  - docs/sdk/models/shared/channel.md
  - docs/sdk/models/shared/paymentmethod.md
  - docs/sdk/models/shared/orderpayresponse.md
  - docs/sdk/models/shared/payload.md
  - docs/sdk/models/shared/orderpaydata.md
  - docs/sdk/models/shared/orderpayrequest.md
  - docs/sdk/models/callbacks/createorderpaymentwebhookresponse.md
  - docs/sdks/pg/README.md
  - docs/sdks/orders/README.md
  - USAGE.md
  - .gitattributes
